# This file is automatically @generated by Cargo.
# It is not intended for manual editing.
version = 4

[[package]]
name = "bitflags"
version = "2.11.0"
source = "registry+https://github.com/rust-lang/crates.io-index"
checksum = "843867be96c8daad0d758b57df9392b6d8d271134fce549de6ce169ff98a92af"

[[package]]
name = "fdt"
version = "0.1.5"
source = "registry+https://github.com/rust-lang/crates.io-index"
checksum = "784a4df722dc6267a04af36895398f59d21d07dce47232adf31ec0ff2fa45e67"

[[package]]
name = "heck"
version = "0.5.0"
source = "registry+https://github.com/rust-lang/crates.io-index"
checksum = "2304e00983f87ffb38b55b444b5e3b60a884b5d30c0fca7d82fe33449bbe55ea"

[[package]]
name = "log_buffer"
version = "1.2.0"
source = "registry+https://github.com/rust-lang/crates.io-index"
checksum = "f033173c9486b7fe97a79c895c0a3483ae395ab6744c985d10078950e2492419"

[[package]]
name = "minivm"
version = "0.1.0"
dependencies = [
 "fdt",
 "log_buffer",
 "minivm-init",
 "minivm-intc",
 "minivm-mem",
 "minivm-sched",
 "minivm-thread",
 "minivm-timer",
 "minivm-types",
 "minivm-vm",
]

[[package]]
name = "minivm-arch"
version = "0.1.0"
dependencies = [
 "minivm-types",
]

[[package]]
name = "minivm-event"
version = "0.1.0"

[[package]]
name = "minivm-guest-tests"
version = "0.1.0"

[[package]]
name = "minivm-init"
version = "0.1.0"
dependencies = [
 "bitflags",
 "minivm-power",
 "minivm-types",
]

[[package]]
name = "minivm-intc"
version = "0.1.0"
dependencies = [
 "minivm-types",
]

[[package]]
name = "minivm-mem"
version = "0.1.0"
dependencies = [
 "minivm-arch",
 "minivm-sync",
 "minivm-types",
]

[[package]]
name = "minivm-power"
version = "0.1.0"
dependencies = [
 "minivm-types",
]

[[package]]
name = "minivm-sched"
version = "0.1.0"
dependencies = [
 "minivm-arch",
 "minivm-sync",
 "minivm-types",
]

[[package]]
name = "minivm-sync"
version = "0.1.0"
dependencies = [
 "spin",
]

[[package]]
name = "minivm-thread"
version = "0.1.0"
dependencies = [
 "minivm-types",
]

[[package]]
name = "minivm-timer"
version = "0.1.0"
dependencies = [
 "minivm-sched",
 "minivm-types",
]

[[package]]
name = "minivm-trap"
version = "0.1.0"
dependencies = [
 "minivm-types",
]

[[package]]
name = "minivm-types"
version = "0.1.0"
dependencies = [
 "strum",
]

[[package]]
name = "minivm-vm"
version = "0.1.0"
dependencies = [
 "minivm-arch",
 "minivm-event",
 "minivm-intc",
 "minivm-mem",
 "minivm-sched",
 "minivm-sync",
 "minivm-thread",
 "minivm-timer",
 "minivm-types",
]

[[package]]
name = "proc-macro2"
version = "1.0.106"
source = "registry+https://github.com/rust-lang/crates.io-index"
checksum = "8fd00f0bb2e90d81d1044c2b32617f68fcb9fa3bb7640c23e9c748e53fb30934"
dependencies = [
 "unicode-ident",
]

[[package]]
name = "quote"
version = "1.0.46"
source = "registry+https://github.com/rust-lang/crates.io-index"
checksum = "dfbc457d0c7a0759a614551b11a6409e5951f6c7537be1f1b7682b9ae9230368"
dependencies = [
 "proc-macro2",
]

[[package]]
name = "spin"
version = "0.9.8"
source = "registry+https://github.com/rust-lang/crates.io-index"
checksum = "6980e8d7511241f8acf4aebddbb1ff938df5eebe98691418c4468d0b72a96a67"

[[package]]
name = "strum"
version = "0.28.0"
source = "registry+https://github.com/rust-lang/crates.io-index"
checksum = "9628de9b8791db39ceda2b119bbe13134770b56c138ec1d3af810d045c04f9bd"
dependencies = [
 "strum_macros",
]

[[package]]
name = "strum_macros"
version = "0.28.0"
source = "registry+https://github.com/rust-lang/crates.io-index"
checksum = "ab85eea0270ee17587ed4156089e10b9e6880ee688791d45a905f5b1ca36f664"
dependencies = [
 "heck",
 "proc-macro2",
 "quote",
 "syn",
]

[[package]]
name = "syn"
version = "2.0.119"
source = "registry+https://github.com/rust-lang/crates.io-index"
checksum = "872831b642d1a07999a962a351ed35b955ea2cfc8f3862091e2a240a84f17297"
dependencies = [
 "proc-macro2",
 "quote",
 "unicode-ident",
]

[[package]]
name = "unicode-ident"
version = "1.0.24"
source = "registry+https://github.com/rust-lang/crates.io-index"
checksum = "e6e4313cd5fcd3dad5cafa179702e2b244f760991f45397d14d4ebf38247da75"
